
Microsoft Visual Studio Solution File, Format Version 12.00
# Visual Studio Version 17
VisualStudioVersion = 17.4.33403.182
MinimumVisualStudioVersion = 10.0.40219.1
Project("{FAE04EC0-301F-11D3-BF4B-00C04F79EFBC}") = "EduHome", "EduHome\EduHome.csproj", "{3EA3C69E-299E-456F-AC76-3C923ABCE8CA}"
EndProject
Global
	GlobalSection(SolutionConfigurationPlatforms) = preSolution
		Debug|Any CPU = Debug|Any CPU
		Release|Any CPU = Release|Any CPU
	EndGlobalSection
	GlobalSection(ProjectConfigurationPlatforms) = postSolution
		{3EA3C69E-299E-456F-AC76-3C923ABCE8CA}.Debug|Any CPU.ActiveCfg = Debug|Any CPU
		{3EA3C69E-299E-456F-AC76-3C923ABCE8CA}.Debug|Any CPU.Build.0 = Debug|Any CPU
		{3EA3C69E-299E-456F-AC76-3C923ABCE8CA}.Release|Any CPU.ActiveCfg = Release|Any CPU
		{3EA3C69E-299E-456F-AC76-3C923ABCE8CA}.Release|Any CPU.Build.0 = Release|Any CPU
	EndGlobalSection
	GlobalSection(SolutionProperties) = preSolution
		HideSolutionNode = FALSE
	EndGlobalSection
	GlobalSection(ExtensibilityGlobals) = postSolution
		SolutionGuid = {C163EBFE-5E07-42DB-B3AD-27F573DB5161}
	EndGlobalSection
EndGlobal
